{
  "object": {
    "pins": [
      {
        "package": "AgoraRtcKit",
        "repositoryURL": "https://github.com/AgoraIO/AgoraRtcEngine_iOS",
        "state": {
          "branch": null,
          "revision": "945008c63997517ddf5e83339e2bfee477914f14",
          "version": "3.5.1"
        }
      },
      {
        "package": "BottomSheet",
        "repositoryURL": "https://github.com/weitieda/bottom-sheet",
        "state": {
          "branch": null,
          "revision": "98e2ae0b47875faef28e181cf968b9645f7678af",
          "version": "1.0.6"
        }
      },
      {
        "package": "Camera-SwiftUI",
        "repositoryURL": "https://github.com/rorodriguez116/Camera-SwiftUI.git",
        "state": {
          "branch": null,
          "revision": "bec647c47f45cdfd588dd50e07571fb2642f4575",
          "version": "0.0.5"
        }
      },
      {
        "package": "ImagePickerView",
        "repositoryURL": "https://github.com/ralfebert/ImagePickerView.git",
        "state": {
          "branch": null,
          "revision": "b84dd1c85a65cddba40c89699cd63ba0cb248dbd",
          "version": "0.5.0"
        }
      },
      {
        "package": "Kingfisher",
        "repositoryURL": "https://github.com/onevcat/Kingfisher.git",
        "state": {
          "branch": null,
          "revision": "318e319998bf555c3e914d5c3adb6da05af86a32",
          "version": "7.1.1"
        }
      },
      {
        "package": "Lottie",
        "repositoryURL": "https://github.com/airbnb/lottie-ios",
        "state": {
          "branch": null,
          "revision": "79a0b70547f7c40ea54c67487f935fa2f2eaaadc",
          "version": "3.2.3"
        }
      },
      {
        "package": "PopupView",
        "repositoryURL": "https://github.com/exyte/PopupView.git",
        "state": {
          "branch": null,
          "revision": "0d37d6f94e0ec9b38ab43300213ad72d28af921f",
          "version": "1.0.2"
        }
      },
      {
        "package": "PubNub",
        "repositoryURL": "https://github.com/pubnub/swift.git",
        "state": {
          "branch": null,
          "revision": "b8716e6b336523f33349ebb5b143dadd187d41e5",
          "version": "4.1.0"
        }
      },
      {
        "package": "SwiftUIImageViewer",
        "repositoryURL": "https://github.com/Jake-Short/swiftui-image-viewer.git",
        "state": {
          "branch": null,
          "revision": "f61f298c0100c81dfb0c7908091e68aad12a892c",
          "version": "2.3.1"
        }
      },
      {
        "package": "SwiftUICam",
        "repositoryURL": "https://github.com/pierreveron/SwiftUICam",
        "state": {
          "branch": "master",
          "revision": "6e85adae49b26d734bf3810b6d237d2688cc976a",
          "version": null
        }
      },
      {
        "package": "SwiftUIFontIcon",
        "repositoryURL": "https://github.com/huybuidac/SwiftUIFontIcon",
        "state": {
          "branch": null,
          "revision": "4f170fbf443d985ae518a14a12ec8194ec6b08eb",
          "version": "2.1.0"
        }
      },
      {
        "package": "SwiftUIKitView",
        "repositoryURL": "https://github.com/AvdLee/SwiftUIKitView.git",
        "state": {
          "branch": null,
          "revision": "296bf2ccb97efed44dea76622f4a10359ce22f6a",
          "version": "1.0.3"
        }
      },
      {
        "package": "SwiftUIX",
        "repositoryURL": "https://github.com/SwiftUIX/SwiftUIX",
        "state": {
          "branch": null,
          "revision": "ac4959d321d2fbf6b66720426ef0716b6865ddd8",
          "version": "0.1.0"
        }
      },
      {
        "package": "Time",
        "repositoryURL": "https://github.com/davedelong/time",
        "state": {
          "branch": null,
          "revision": "be6cbbbb97aa4570e3b51bd56f98ca3cf62aa3cb",
          "version": "0.9.2"
        }
      },
      {
        "package": "URLImage",
        "repositoryURL": "https://github.com/dmytro-anokhin/url-image.git",
        "state": {
          "branch": null,
          "revision": "ccab89ad1cedb04f25dd4df1776dd8c8583b914a",
          "version": "2.2.5"
        }
      }
    ]
  },
  "version": 1
}
